
Microsoft Visual Studio Solution File, Format Version 12.00
# Visual Studio Version 16
VisualStudioVersion = 16.0.32407.337
MinimumVisualStudioVersion = 10.0.40219.1
Project("{8BC9CEB8-8B4A-11D0-8D11-00A0C91BC942}") = "test-5-3", "test-5-3.vcxproj", "{339820B6-DB72-4996-9190-628DD616C29F}"
EndProject
Global
	GlobalSection(SolutionConfigurationPlatforms) = preSolution
		Debug|x64 = Debug|x64
		Debug|x86 = Debug|x86
		Release|x64 = Release|x64
		Release|x86 = Release|x86
	EndGlobalSection
	GlobalSection(ProjectConfigurationPlatforms) = postSolution
		{339820B6-DB72-4996-9190-628DD616C29F}.Debug|x64.ActiveCfg = Debug|x64
		{339820B6-DB72-4996-9190-628DD616C29F}.Debug|x64.Build.0 = Debug|x64
		{339820B6-DB72-4996-9190-628DD616C29F}.Debug|x86.ActiveCfg = Debug|Win32
		{339820B6-DB72-4996-9190-628DD616C29F}.Debug|x86.Build.0 = Debug|Win32
		{339820B6-DB72-4996-9190-628DD616C29F}.Release|x64.ActiveCfg = Release|x64
		{339820B6-DB72-4996-9190-628DD616C29F}.Release|x64.Build.0 = Release|x64
		{339820B6-DB72-4996-9190-628DD616C29F}.Release|x86.ActiveCfg = Release|Win32
		{339820B6-DB72-4996-9190-628DD616C29F}.Release|x86.Build.0 = Release|Win32
	EndGlobalSection
	GlobalSection(SolutionProperties) = preSolution
		HideSolutionNode = FALSE
	EndGlobalSection
	GlobalSection(ExtensibilityGlobals) = postSolution
		SolutionGuid = {ADCDA2C4-664A-49D4-8B5B-4782D20BA834}
	EndGlobalSection
EndGlobal
