
Microsoft Visual Studio Solution File, Format Version 12.00
# Visual Studio Version 16
VisualStudioVersion = 16.0.32407.337
MinimumVisualStudioVersion = 10.0.40219.1
Project("{8BC9CEB8-8B4A-11D0-8D11-00A0C91BC942}") = "test-5-17", "test-5-17.vcxproj", "{37EFC53C-C6F2-478A-9937-8B595330D4CE}"
EndProject
Global
	GlobalSection(SolutionConfigurationPlatforms) = preSolution
		Debug|x64 = Debug|x64
		Debug|x86 = Debug|x86
		Release|x64 = Release|x64
		Release|x86 = Release|x86
	EndGlobalSection
	GlobalSection(ProjectConfigurationPlatforms) = postSolution
		{37EFC53C-C6F2-478A-9937-8B595330D4CE}.Debug|x64.ActiveCfg = Debug|x64
		{37EFC53C-C6F2-478A-9937-8B595330D4CE}.Debug|x64.Build.0 = Debug|x64
		{37EFC53C-C6F2-478A-9937-8B595330D4CE}.Debug|x86.ActiveCfg = Debug|Win32
		{37EFC53C-C6F2-478A-9937-8B595330D4CE}.Debug|x86.Build.0 = Debug|Win32
		{37EFC53C-C6F2-478A-9937-8B595330D4CE}.Release|x64.ActiveCfg = Release|x64
		{37EFC53C-C6F2-478A-9937-8B595330D4CE}.Release|x64.Build.0 = Release|x64
		{37EFC53C-C6F2-478A-9937-8B595330D4CE}.Release|x86.ActiveCfg = Release|Win32
		{37EFC53C-C6F2-478A-9937-8B595330D4CE}.Release|x86.Build.0 = Release|Win32
	EndGlobalSection
	GlobalSection(SolutionProperties) = preSolution
		HideSolutionNode = FALSE
	EndGlobalSection
	GlobalSection(ExtensibilityGlobals) = postSolution
		SolutionGuid = {88089493-3255-4D8F-A3F1-30B97E4C4E80}
	EndGlobalSection
EndGlobal
