
Microsoft Visual Studio Solution File, Format Version 12.00
# Visual Studio Version 16
VisualStudioVersion = 16.0.32407.337
MinimumVisualStudioVersion = 10.0.40219.1
Project("{8BC9CEB8-8B4A-11D0-8D11-00A0C91BC942}") = "test-5-15", "test-5-15.vcxproj", "{BB6A854E-1682-4F28-9B2B-BE612E309101}"
EndProject
Global
	GlobalSection(SolutionConfigurationPlatforms) = preSolution
		Debug|x64 = Debug|x64
		Debug|x86 = Debug|x86
		Release|x64 = Release|x64
		Release|x86 = Release|x86
	EndGlobalSection
	GlobalSection(ProjectConfigurationPlatforms) = postSolution
		{BB6A854E-1682-4F28-9B2B-BE612E309101}.Debug|x64.ActiveCfg = Debug|x64
		{BB6A854E-1682-4F28-9B2B-BE612E309101}.Debug|x64.Build.0 = Debug|x64
		{BB6A854E-1682-4F28-9B2B-BE612E309101}.Debug|x86.ActiveCfg = Debug|Win32
		{BB6A854E-1682-4F28-9B2B-BE612E309101}.Debug|x86.Build.0 = Debug|Win32
		{BB6A854E-1682-4F28-9B2B-BE612E309101}.Release|x64.ActiveCfg = Release|x64
		{BB6A854E-1682-4F28-9B2B-BE612E309101}.Release|x64.Build.0 = Release|x64
		{BB6A854E-1682-4F28-9B2B-BE612E309101}.Release|x86.ActiveCfg = Release|Win32
		{BB6A854E-1682-4F28-9B2B-BE612E309101}.Release|x86.Build.0 = Release|Win32
	EndGlobalSection
	GlobalSection(SolutionProperties) = preSolution
		HideSolutionNode = FALSE
	EndGlobalSection
	GlobalSection(ExtensibilityGlobals) = postSolution
		SolutionGuid = {735B5ED3-D452-4025-842F-3213011E4043}
	EndGlobalSection
EndGlobal
